PODS:
  - iAirportsDB (3.0.0)
  - Nimble (5.1.1)
  - Quick (0.10.0)

DEPENDENCIES:
  - iAirportsDB (from `../`)
  - Nimble (~> 5.1.1)
  - Quick

EXTERNAL SOURCES:
  iAirportsDB:
    :path: ../

SPEC CHECKSUMS:
  iAirportsDB: 1b6ed3fcbf6e7892bcd2fbbbbf12337a29adc14a
  Nimble: 415e3aa3267e7bc2c96b05fa814ddea7bb686a29
  Quick: 5d290df1c69d5ee2f0729956dcf0fd9a30447eaa

PODFILE CHECKSUM: 56cfa6f7502e240e7df2dd1900f1475d8207fa1d

COCOAPODS: 1.1.1
