// !$*UTF8*$!
{
	archiveVersion = 1;
	classes = {
	};
	objectVersion = 46;
	objects = {

/* Begin PBXBuildFile section */
		5F4AE11A1D655D010001CA1F /* AppDelegate.swift in Sources */ = {isa = PBXBuildFile; fileRef = 5F4AE1191D655D010001CA1F /* AppDelegate.swift */; };
		5F4AE11C1D655D010001CA1F /* ViewController.swift in Sources */ = {isa = PBXBuildFile; fileRef = 5F4AE11B1D655D010001CA1F /* ViewController.swift */; };
		5F4AE11F1D655D010001CA1F /* Main.storyboard in Resources */ = {isa = PBXBuildFile; fileRef = 5F4AE11D1D655D010001CA1F /* Main.storyboard */; };
		5F4AE1241D655D010001CA1F /* Assets.xcassets in Resources */ = {isa = PBXBuildFile; fileRef = 5F4AE1231D655D010001CA1F /* Assets.xcassets */; };
		5F4AE1271D655D010001CA1F /* LaunchScreen.storyboard in Resources */ = {isa = PBXBuildFile; fileRef = 5F4AE1251D655D010001CA1F /* LaunchScreen.storyboard */; };
		5F4AE1321D655D010001CA1F /* iAirportsDBTests.swift in Sources */ = {isa = PBXBuildFile; fileRef = 5F4AE1311D655D010001CA1F /* iAirportsDBTests.swift */; };
		5F4AE14F1D67C3B10001CA1F /* CHCSVParser.m in Sources */ = {isa = PBXBuildFile; fileRef = 5F4AE14E1D67C3B10001CA1F /* CHCSVParser.m */; };
		5F4AE1521D67C50E0001CA1F /* CsvParser.swift in Sources */ = {isa = PBXBuildFile; fileRef = 5F4AE1511D67C50E0001CA1F /* CsvParser.swift */; };
		5F4AE1541D67C6300001CA1F /* Parser.swift in Sources */ = {isa = PBXBuildFile; fileRef = 5F4AE1531D67C6300001CA1F /* Parser.swift */; };
		5F4AE15A1D67CDBF0001CA1F /* airport-frequencies-short.csv in Resources */ = {isa = PBXBuildFile; fileRef = 5F4AE1581D67CDBF0001CA1F /* airport-frequencies-short.csv */; };
		5F4AE15B1D67CDBF0001CA1F /* airport-frequencies.csv in Resources */ = {isa = PBXBuildFile; fileRef = 5F4AE1591D67CDBF0001CA1F /* airport-frequencies.csv */; };
		5F4AE1611D690AB80001CA1F /* IADBParseController.swift in Sources */ = {isa = PBXBuildFile; fileRef = 5F4AE1601D690AB80001CA1F /* IADBParseController.swift */; };
		5F4AE1671D6ABD9D0001CA1F /* airports.csv in Resources */ = {isa = PBXBuildFile; fileRef = 5F4AE1661D6ABD9D0001CA1F /* airports.csv */; };
		5F4AE1711D6AC48F0001CA1F /* runways.csv in Resources */ = {isa = PBXBuildFile; fileRef = 5F4AE1701D6AC48F0001CA1F /* runways.csv */; };
		5F4AE1771D6ACBBE0001CA1F /* navaids.csv in Resources */ = {isa = PBXBuildFile; fileRef = 5F4AE1761D6ACBBE0001CA1F /* navaids.csv */; };
		5F4AE1891D6E20A40001CA1F /* iAirportsDB.sqlite in Resources */ = {isa = PBXBuildFile; fileRef = 5F4AE1871D6E20A40001CA1F /* iAirportsDB.sqlite */; };
		5F4AE18A1D6E20A40001CA1F /* iAirportsDB.xcdatamodel in Sources */ = {isa = PBXBuildFile; fileRef = 5F4AE1881D6E20A40001CA1F /* iAirportsDB.xcdatamodel */; };
		5F4AE18C1D6E2A020001CA1F /* ModelParser.swift in Sources */ = {isa = PBXBuildFile; fileRef = 5F4AE18B1D6E2A020001CA1F /* ModelParser.swift */; };
		5F4AE1991D6E2A1F0001CA1F /* IADBAirport.swift in Sources */ = {isa = PBXBuildFile; fileRef = 5F4AE18E1D6E2A1F0001CA1F /* IADBAirport.swift */; };
		5F4AE19A1D6E2A1F0001CA1F /* IADBCenteredArray.swift in Sources */ = {isa = PBXBuildFile; fileRef = 5F4AE18F1D6E2A1F0001CA1F /* IADBCenteredArray.swift */; };
		5F4AE19B1D6E2A1F0001CA1F /* IADBConstants.swift in Sources */ = {isa = PBXBuildFile; fileRef = 5F4AE1901D6E2A1F0001CA1F /* IADBConstants.swift */; };
		5F4AE19C1D6E2A1F0001CA1F /* IADBFrequency.swift in Sources */ = {isa = PBXBuildFile; fileRef = 5F4AE1911D6E2A1F0001CA1F /* IADBFrequency.swift */; };
		5F4AE19D1D6E2A1F0001CA1F /* IADBLocation.swift in Sources */ = {isa = PBXBuildFile; fileRef = 5F4AE1921D6E2A1F0001CA1F /* IADBLocation.swift */; };
		5F4AE19F1D6E2A1F0001CA1F /* IADBLocationElevation.swift in Sources */ = {isa = PBXBuildFile; fileRef = 5F4AE1941D6E2A1F0001CA1F /* IADBLocationElevation.swift */; };
		5F4AE1A01D6E2A1F0001CA1F /* IADBModel.swift in Sources */ = {isa = PBXBuildFile; fileRef = 5F4AE1951D6E2A1F0001CA1F /* IADBModel.swift */; };
		5F4AE1A11D6E2A1F0001CA1F /* IADBNavigationAid.swift in Sources */ = {isa = PBXBuildFile; fileRef = 5F4AE1961D6E2A1F0001CA1F /* IADBNavigationAid.swift */; };
		5F4AE1A21D6E2A1F0001CA1F /* IADBPersistence.swift in Sources */ = {isa = PBXBuildFile; fileRef = 5F4AE1971D6E2A1F0001CA1F /* IADBPersistence.swift */; };
		5F4AE1A31D6E2A1F0001CA1F /* IADBRunway.swift in Sources */ = {isa = PBXBuildFile; fileRef = 5F4AE1981D6E2A1F0001CA1F /* IADBRunway.swift */; };
/* End PBXBuildFile section */

/* Begin PBXContainerItemProxy section */
		5F4AE12E1D655D010001CA1F /* PBXContainerItemProxy */ = {
			isa = PBXContainerItemProxy;
			containerPortal = 5F4AE10E1D655D010001CA1F /* Project object */;
			proxyType = 1;
			remoteGlobalIDString = 5F4AE1151D655D010001CA1F;
			remoteInfo = iAirportsDB;
		};
/* End PBXContainerItemProxy section */

/* Begin PBXFileReference section */
		5F4AE1161D655D010001CA1F /* iAirportsDB.app */ = {isa = PBXFileReference; explicitFileType = wrapper.application; includeInIndex = 0; path = iAirportsDB.app; sourceTree = BUILT_PRODUCTS_DIR; };
		5F4AE1191D655D010001CA1F /* AppDelegate.swift */ = {isa = PBXFileReference; lastKnownFileType = sourcecode.swift; path = AppDelegate.swift; sourceTree = "<group>"; };
		5F4AE11B1D655D010001CA1F /* ViewController.swift */ = {isa = PBXFileReference; lastKnownFileType = sourcecode.swift; path = ViewController.swift; sourceTree = "<group>"; };
		5F4AE11E1D655D010001CA1F /* Base */ = {isa = PBXFileReference; lastKnownFileType = file.storyboard; name = Base; path = Base.lproj/Main.storyboard; sourceTree = "<group>"; };
		5F4AE1231D655D010001CA1F /* Assets.xcassets */ = {isa = PBXFileReference; lastKnownFileType = folder.assetcatalog; path = Assets.xcassets; sourceTree = "<group>"; };
		5F4AE1261D655D010001CA1F /* Base */ = {isa = PBXFileReference; lastKnownFileType = file.storyboard; name = Base; path = Base.lproj/LaunchScreen.storyboard; sourceTree = "<group>"; };
		5F4AE1281D655D010001CA1F /* Info.plist */ = {isa = PBXFileReference; lastKnownFileType = text.plist.xml; path = Info.plist; sourceTree = "<group>"; };
		5F4AE12D1D655D010001CA1F /* iAirportsDBTests.xctest */ = {isa = PBXFileReference; explicitFileType = wrapper.cfbundle; includeInIndex = 0; path = iAirportsDBTests.xctest; sourceTree = BUILT_PRODUCTS_DIR; };
		5F4AE1311D655D010001CA1F /* iAirportsDBTests.swift */ = {isa = PBXFileReference; lastKnownFileType = sourcecode.swift; path = iAirportsDBTests.swift; sourceTree = "<group>"; };
		5F4AE1331D655D010001CA1F /* Info.plist */ = {isa = PBXFileReference; lastKnownFileType = text.plist.xml; path = Info.plist; sourceTree = "<group>"; };
		5F4AE14D1D67C3B10001CA1F /* CHCSVParser.h */ = {isa = PBXFileReference; fileEncoding = 4; lastKnownFileType = sourcecode.c.h; name = CHCSVParser.h; path = iAirportsDB/lib/CHCSVParser.h; sourceTree = "<group>"; };
		5F4AE14E1D67C3B10001CA1F /* CHCSVParser.m */ = {isa = PBXFileReference; fileEncoding = 4; lastKnownFileType = sourcecode.c.objc; name = CHCSVParser.m; path = iAirportsDB/lib/CHCSVParser.m; sourceTree = "<group>"; };
		5F4AE1511D67C50E0001CA1F /* CsvParser.swift */ = {isa = PBXFileReference; fileEncoding = 4; lastKnownFileType = sourcecode.swift; name = CsvParser.swift; path = iAirportsDB/CsvParser.swift; sourceTree = "<group>"; };
		5F4AE1531D67C6300001CA1F /* Parser.swift */ = {isa = PBXFileReference; fileEncoding = 4; lastKnownFileType = sourcecode.swift; name = Parser.swift; path = iAirportsDB/Parser.swift; sourceTree = "<group>"; };
		5F4AE1581D67CDBF0001CA1F /* airport-frequencies-short.csv */ = {isa = PBXFileReference; fileEncoding = 4; lastKnownFileType = text; name = "airport-frequencies-short.csv"; path = "data/airport-frequencies-short.csv"; sourceTree = "<group>"; };
		5F4AE1591D67CDBF0001CA1F /* airport-frequencies.csv */ = {isa = PBXFileReference; fileEncoding = 4; lastKnownFileType = text; name = "airport-frequencies.csv"; path = "data/airport-frequencies.csv"; sourceTree = "<group>"; };
		5F4AE1601D690AB80001CA1F /* IADBParseController.swift */ = {isa = PBXFileReference; fileEncoding = 4; lastKnownFileType = sourcecode.swift; name = IADBParseController.swift; path = iAirportsDB/IADBParseController.swift; sourceTree = "<group>"; };
		5F4AE1661D6ABD9D0001CA1F /* airports.csv */ = {isa = PBXFileReference; fileEncoding = 4; lastKnownFileType = text; name = airports.csv; path = data/airports.csv; sourceTree = "<group>"; };
		5F4AE1701D6AC48F0001CA1F /* runways.csv */ = {isa = PBXFileReference; fileEncoding = 4; lastKnownFileType = text; name = runways.csv; path = data/runways.csv; sourceTree = "<group>"; };
		5F4AE1761D6ACBBE0001CA1F /* navaids.csv */ = {isa = PBXFileReference; fileEncoding = 4; lastKnownFileType = text; name = navaids.csv; path = data/navaids.csv; sourceTree = "<group>"; };
		5F4AE1871D6E20A40001CA1F /* iAirportsDB.sqlite */ = {isa = PBXFileReference; lastKnownFileType = file; name = iAirportsDB.sqlite; path = db/iAirportsDB.sqlite; sourceTree = "<group>"; };
		5F4AE1881D6E20A40001CA1F /* iAirportsDB.xcdatamodel */ = {isa = PBXFileReference; lastKnownFileType = wrapper.xcdatamodel; name = iAirportsDB.xcdatamodel; path = db/iAirportsDB.xcdatamodel; sourceTree = "<group>"; };
		5F4AE18B1D6E2A020001CA1F /* ModelParser.swift */ = {isa = PBXFileReference; fileEncoding = 4; lastKnownFileType = sourcecode.swift; name = ModelParser.swift; path = iAirportsDB/ModelParser.swift; sourceTree = "<group>"; };
		5F4AE18E1D6E2A1F0001CA1F /* IADBAirport.swift */ = {isa = PBXFileReference; fileEncoding = 4; lastKnownFileType = sourcecode.swift; name = IADBAirport.swift; path = models/IADBAirport.swift; sourceTree = "<group>"; };
		5F4AE18F1D6E2A1F0001CA1F /* IADBCenteredArray.swift */ = {isa = PBXFileReference; fileEncoding = 4; lastKnownFileType = sourcecode.swift; name = IADBCenteredArray.swift; path = models/IADBCenteredArray.swift; sourceTree = "<group>"; };
		5F4AE1901D6E2A1F0001CA1F /* IADBConstants.swift */ = {isa = PBXFileReference; fileEncoding = 4; lastKnownFileType = sourcecode.swift; name = IADBConstants.swift; path = models/IADBConstants.swift; sourceTree = "<group>"; };
		5F4AE1911D6E2A1F0001CA1F /* IADBFrequency.swift */ = {isa = PBXFileReference; fileEncoding = 4; lastKnownFileType = sourcecode.swift; name = IADBFrequency.swift; path = models/IADBFrequency.swift; sourceTree = "<group>"; };
		5F4AE1921D6E2A1F0001CA1F /* IADBLocation.swift */ = {isa = PBXFileReference; fileEncoding = 4; lastKnownFileType = sourcecode.swift; name = IADBLocation.swift; path = models/IADBLocation.swift; sourceTree = "<group>"; };
		5F4AE1941D6E2A1F0001CA1F /* IADBLocationElevation.swift */ = {isa = PBXFileReference; fileEncoding = 4; lastKnownFileType = sourcecode.swift; name = IADBLocationElevation.swift; path = models/IADBLocationElevation.swift; sourceTree = "<group>"; };
		5F4AE1951D6E2A1F0001CA1F /* IADBModel.swift */ = {isa = PBXFileReference; fileEncoding = 4; lastKnownFileType = sourcecode.swift; name = IADBModel.swift; path = models/IADBModel.swift; sourceTree = "<group>"; };
		5F4AE1961D6E2A1F0001CA1F /* IADBNavigationAid.swift */ = {isa = PBXFileReference; fileEncoding = 4; lastKnownFileType = sourcecode.swift; name = IADBNavigationAid.swift; path = models/IADBNavigationAid.swift; sourceTree = "<group>"; };
		5F4AE1971D6E2A1F0001CA1F /* IADBPersistence.swift */ = {isa = PBXFileReference; fileEncoding = 4; lastKnownFileType = sourcecode.swift; name = IADBPersistence.swift; path = models/IADBPersistence.swift; sourceTree = "<group>"; };
		5F4AE1981D6E2A1F0001CA1F /* IADBRunway.swift */ = {isa = PBXFileReference; fileEncoding = 4; lastKnownFileType = sourcecode.swift; name = IADBRunway.swift; path = models/IADBRunway.swift; sourceTree = "<group>"; };
		5F4AE1A41D6E2A520001CA1F /* iAirportsDB-Bridging-Header.h */ = {isa = PBXFileReference; fileEncoding = 4; lastKnownFileType = sourcecode.c.h; path = "iAirportsDB-Bridging-Header.h"; sourceTree = "<group>"; };
/* End PBXFileReference section */

/* Begin PBXFrameworksBuildPhase section */
		5F4AE1131D655D010001CA1F /* Frameworks */ = {
			isa = PBXFrameworksBuildPhase;
			buildActionMask = 2147483647;
			files = (
			);
			runOnlyForDeploymentPostprocessing = 0;
		};
		5F4AE12A1D655D010001CA1F /* Frameworks */ = {
			isa = PBXFrameworksBuildPhase;
			buildActionMask = 2147483647;
			files = (
			);
			runOnlyForDeploymentPostprocessing = 0;
		};
/* End PBXFrameworksBuildPhase section */

/* Begin PBXGroup section */
		5F4AE10D1D655D010001CA1F = {
			isa = PBXGroup;
			children = (
				5F4AE1861D6E20980001CA1F /* db */,
				5F4AE1551D67CD180001CA1F /* data */,
				5F4AE1501D67C4F00001CA1F /* parsers */,
				5F4AE14B1D67C35B0001CA1F /* lib */,
				5F4AE1421D6572E30001CA1F /* models */,
				5F4AE1181D655D010001CA1F /* iAirportsDB */,
				5F4AE1301D655D010001CA1F /* iAirportsDBTests */,
				5F4AE1171D655D010001CA1F /* Products */,
			);
			sourceTree = "<group>";
		};
		5F4AE1171D655D010001CA1F /* Products */ = {
			isa = PBXGroup;
			children = (
				5F4AE1161D655D010001CA1F /* iAirportsDB.app */,
				5F4AE12D1D655D010001CA1F /* iAirportsDBTests.xctest */,
			);
			name = Products;
			sourceTree = "<group>";
		};
		5F4AE1181D655D010001CA1F /* iAirportsDB */ = {
			isa = PBXGroup;
			children = (
				5F4AE1191D655D010001CA1F /* AppDelegate.swift */,
				5F4AE11B1D655D010001CA1F /* ViewController.swift */,
				5F4AE11D1D655D010001CA1F /* Main.storyboard */,
				5F4AE1231D655D010001CA1F /* Assets.xcassets */,
				5F4AE1251D655D010001CA1F /* LaunchScreen.storyboard */,
				5F4AE1281D655D010001CA1F /* Info.plist */,
			);
			path = iAirportsDB;
			sourceTree = "<group>";
		};
		5F4AE1301D655D010001CA1F /* iAirportsDBTests */ = {
			isa = PBXGroup;
			children = (
				5F4AE1311D655D010001CA1F /* iAirportsDBTests.swift */,
				5F4AE1331D655D010001CA1F /* Info.plist */,
			);
			path = iAirportsDBTests;
			sourceTree = "<group>";
		};
		5F4AE1421D6572E30001CA1F /* models */ = {
			isa = PBXGroup;
			children = (
				5F4AE18E1D6E2A1F0001CA1F /* IADBAirport.swift */,
				5F4AE18F1D6E2A1F0001CA1F /* IADBCenteredArray.swift */,
				5F4AE1901D6E2A1F0001CA1F /* IADBConstants.swift */,
				5F4AE1911D6E2A1F0001CA1F /* IADBFrequency.swift */,
				5F4AE1921D6E2A1F0001CA1F /* IADBLocation.swift */,
				5F4AE1941D6E2A1F0001CA1F /* IADBLocationElevation.swift */,
				5F4AE1951D6E2A1F0001CA1F /* IADBModel.swift */,
				5F4AE1961D6E2A1F0001CA1F /* IADBNavigationAid.swift */,
				5F4AE1971D6E2A1F0001CA1F /* IADBPersistence.swift */,
				5F4AE1981D6E2A1F0001CA1F /* IADBRunway.swift */,
			);
			name = models;
			sourceTree = "<group>";
		};
		5F4AE14B1D67C35B0001CA1F /* lib */ = {
			isa = PBXGroup;
			children = (
				5F4AE1A41D6E2A520001CA1F /* iAirportsDB-Bridging-Header.h */,
				5F4AE14D1D67C3B10001CA1F /* CHCSVParser.h */,
				5F4AE14E1D67C3B10001CA1F /* CHCSVParser.m */,
			);
			name = lib;
			sourceTree = "<group>";
		};
		5F4AE1501D67C4F00001CA1F /* parsers */ = {
			isa = PBXGroup;
			children = (
				5F4AE18B1D6E2A020001CA1F /* ModelParser.swift */,
				5F4AE1511D67C50E0001CA1F /* CsvParser.swift */,
				5F4AE1531D67C6300001CA1F /* Parser.swift */,
				5F4AE1601D690AB80001CA1F /* IADBParseController.swift */,
			);
			name = parsers;
			sourceTree = "<group>";
		};
		5F4AE1551D67CD180001CA1F /* data */ = {
			isa = PBXGroup;
			children = (
				5F4AE1761D6ACBBE0001CA1F /* navaids.csv */,
				5F4AE1701D6AC48F0001CA1F /* runways.csv */,
				5F4AE1661D6ABD9D0001CA1F /* airports.csv */,
				5F4AE1581D67CDBF0001CA1F /* airport-frequencies-short.csv */,
				5F4AE1591D67CDBF0001CA1F /* airport-frequencies.csv */,
			);
			name = data;
			sourceTree = "<group>";
		};
		5F4AE1861D6E20980001CA1F /* db */ = {
			isa = PBXGroup;
			children = (
				5F4AE1871D6E20A40001CA1F /* iAirportsDB.sqlite */,
				5F4AE1881D6E20A40001CA1F /* iAirportsDB.xcdatamodel */,
			);
			name = db;
			sourceTree = "<group>";
		};
/* End PBXGroup section */

/* Begin PBXNativeTarget section */
		5F4AE1151D655D010001CA1F /* iAirportsDB */ = {
			isa = PBXNativeTarget;
			buildConfigurationList = 5F4AE1361D655D010001CA1F /* Build configuration list for PBXNativeTarget "iAirportsDB" */;
			buildPhases = (
				5F4AE1121D655D010001CA1F /* Sources */,
				5F4AE1131D655D010001CA1F /* Frameworks */,
				5F4AE1141D655D010001CA1F /* Resources */,
			);
			buildRules = (
			);
			dependencies = (
			);
			name = iAirportsDB;
			productName = iAirportsDB;
			productReference = 5F4AE1161D655D010001CA1F /* iAirportsDB.app */;
			productType = "com.apple.product-type.application";
		};
		5F4AE12C1D655D010001CA1F /* iAirportsDBTests */ = {
			isa = PBXNativeTarget;
			buildConfigurationList = 5F4AE1391D655D010001CA1F /* Build configuration list for PBXNativeTarget "iAirportsDBTests" */;
			buildPhases = (
				5F4AE1291D655D010001CA1F /* Sources */,
				5F4AE12A1D655D010001CA1F /* Frameworks */,
				5F4AE12B1D655D010001CA1F /* Resources */,
			);
			buildRules = (
			);
			dependencies = (
				5F4AE12F1D655D010001CA1F /* PBXTargetDependency */,
			);
			name = iAirportsDBTests;
			productName = iAirportsDBTests;
			productReference = 5F4AE12D1D655D010001CA1F /* iAirportsDBTests.xctest */;
			productType = "com.apple.product-type.bundle.unit-test";
		};
/* End PBXNativeTarget section */

/* Begin PBXProject section */
		5F4AE10E1D655D010001CA1F /* Project object */ = {
			isa = PBXProject;
			attributes = {
				LastSwiftUpdateCheck = 0730;
				LastUpgradeCheck = 0730;
				ORGANIZATIONNAME = "Toonsy Net";
				TargetAttributes = {
					5F4AE1151D655D010001CA1F = {
						CreatedOnToolsVersion = 7.3.1;
					};
					5F4AE12C1D655D010001CA1F = {
						CreatedOnToolsVersion = 7.3.1;
						TestTargetID = 5F4AE1151D655D010001CA1F;
					};
				};
			};
			buildConfigurationList = 5F4AE1111D655D010001CA1F /* Build configuration list for PBXProject "iAirportsDB" */;
			compatibilityVersion = "Xcode 3.2";
			developmentRegion = English;
			hasScannedForEncodings = 0;
			knownRegions = (
				en,
				Base,
			);
			mainGroup = 5F4AE10D1D655D010001CA1F;
			productRefGroup = 5F4AE1171D655D010001CA1F /* Products */;
			projectDirPath = "";
			projectRoot = "";
			targets = (
				5F4AE1151D655D010001CA1F /* iAirportsDB */,
				5F4AE12C1D655D010001CA1F /* iAirportsDBTests */,
			);
		};
/* End PBXProject section */

/* Begin PBXResourcesBuildPhase section */
		5F4AE1141D655D010001CA1F /* Resources */ = {
			isa = PBXResourcesBuildPhase;
			buildActionMask = 2147483647;
			files = (
				5F4AE1271D655D010001CA1F /* LaunchScreen.storyboard in Resources */,
				5F4AE1771D6ACBBE0001CA1F /* navaids.csv in Resources */,
				5F4AE1671D6ABD9D0001CA1F /* airports.csv in Resources */,
				5F4AE15B1D67CDBF0001CA1F /* airport-frequencies.csv in Resources */,
				5F4AE15A1D67CDBF0001CA1F /* airport-frequencies-short.csv in Resources */,
				5F4AE1241D655D010001CA1F /* Assets.xcassets in Resources */,
				5F4AE11F1D655D010001CA1F /* Main.storyboard in Resources */,
				5F4AE1711D6AC48F0001CA1F /* runways.csv in Resources */,
				5F4AE1891D6E20A40001CA1F /* iAirportsDB.sqlite in Resources */,
			);
			runOnlyForDeploymentPostprocessing = 0;
		};
		5F4AE12B1D655D010001CA1F /* Resources */ = {
			isa = PBXResourcesBuildPhase;
			buildActionMask = 2147483647;
			files = (
			);
			runOnlyForDeploymentPostprocessing = 0;
		};
/* End PBXResourcesBuildPhase section */

/* Begin PBXSourcesBuildPhase section */
		5F4AE1121D655D010001CA1F /* Sources */ = {
			isa = PBXSourcesBuildPhase;
			buildActionMask = 2147483647;
			files = (
				5F4AE1A11D6E2A1F0001CA1F /* IADBNavigationAid.swift in Sources */,
				5F4AE18C1D6E2A020001CA1F /* ModelParser.swift in Sources */,
				5F4AE1991D6E2A1F0001CA1F /* IADBAirport.swift in Sources */,
				5F4AE1611D690AB80001CA1F /* IADBParseController.swift in Sources */,
				5F4AE19A1D6E2A1F0001CA1F /* IADBCenteredArray.swift in Sources */,
				5F4AE1541D67C6300001CA1F /* Parser.swift in Sources */,
				5F4AE1521D67C50E0001CA1F /* CsvParser.swift in Sources */,
				5F4AE11C1D655D010001CA1F /* ViewController.swift in Sources */,
				5F4AE1A31D6E2A1F0001CA1F /* IADBRunway.swift in Sources */,
				5F4AE19B1D6E2A1F0001CA1F /* IADBConstants.swift in Sources */,
				5F4AE19D1D6E2A1F0001CA1F /* IADBLocation.swift in Sources */,
				5F4AE19F1D6E2A1F0001CA1F /* IADBLocationElevation.swift in Sources */,
				5F4AE1A01D6E2A1F0001CA1F /* IADBModel.swift in Sources */,
				5F4AE1A21D6E2A1F0001CA1F /* IADBPersistence.swift in Sources */,
				5F4AE19C1D6E2A1F0001CA1F /* IADBFrequency.swift in Sources */,
				5F4AE11A1D655D010001CA1F /* AppDelegate.swift in Sources */,
				5F4AE18A1D6E20A40001CA1F /* iAirportsDB.xcdatamodel in Sources */,
				5F4AE14F1D67C3B10001CA1F /* CHCSVParser.m in Sources */,
			);
			runOnlyForDeploymentPostprocessing = 0;
		};
		5F4AE1291D655D010001CA1F /* Sources */ = {
			isa = PBXSourcesBuildPhase;
			buildActionMask = 2147483647;
			files = (
				5F4AE1321D655D010001CA1F /* iAirportsDBTests.swift in Sources */,
			);
			runOnlyForDeploymentPostprocessing = 0;
		};
/* End PBXSourcesBuildPhase section */

/* Begin PBXTargetDependency section */
		5F4AE12F1D655D010001CA1F /* PBXTargetDependency */ = {
			isa = PBXTargetDependency;
			target = 5F4AE1151D655D010001CA1F /* iAirportsDB */;
			targetProxy = 5F4AE12E1D655D010001CA1F /* PBXContainerItemProxy */;
		};
/* End PBXTargetDependency section */

/* Begin PBXVariantGroup section */
		5F4AE11D1D655D010001CA1F /* Main.storyboard */ = {
			isa = PBXVariantGroup;
			children = (
				5F4AE11E1D655D010001CA1F /* Base */,
			);
			name = Main.storyboard;
			sourceTree = "<group>";
		};
		5F4AE1251D655D010001CA1F /* LaunchScreen.storyboard */ = {
			isa = PBXVariantGroup;
			children = (
				5F4AE1261D655D010001CA1F /* Base */,
			);
			name = LaunchScreen.storyboard;
			sourceTree = "<group>";
		};
/* End PBXVariantGroup section */

/* Begin XCBuildConfiguration section */
		5F4AE1341D655D010001CA1F /* Debug */ = {
			isa = XCBuildConfiguration;
			buildSettings = {
				ALWAYS_SEARCH_USER_PATHS = NO;
				CLANG_ANALYZER_NONNULL = YES;
				CLANG_CXX_LANGUAGE_STANDARD = "gnu++0x";
				CLANG_CXX_LIBRARY = "libc++";
				CLANG_ENABLE_MODULES = YES;
				CLANG_ENABLE_OBJC_ARC = YES;
				CLANG_WARN_BOOL_CONVERSION = YES;
				CLANG_WARN_CONSTANT_CONVERSION = YES;
				CLANG_WARN_DIRECT_OBJC_ISA_USAGE = YES_ERROR;
				CLANG_WARN_EMPTY_BODY = YES;
				CLANG_WARN_ENUM_CONVERSION = YES;
				CLANG_WARN_INT_CONVERSION = YES;
				CLANG_WARN_OBJC_ROOT_CLASS = YES_ERROR;
				CLANG_WARN_UNREACHABLE_CODE = YES;
				CLANG_WARN__DUPLICATE_METHOD_MATCH = YES;
				"CODE_SIGN_IDENTITY[sdk=iphoneos*]" = "iPhone Developer";
				COPY_PHASE_STRIP = NO;
				DEBUG_INFORMATION_FORMAT = dwarf;
				ENABLE_STRICT_OBJC_MSGSEND = YES;
				ENABLE_TESTABILITY = YES;
				GCC_C_LANGUAGE_STANDARD = gnu99;
				GCC_DYNAMIC_NO_PIC = NO;
				GCC_NO_COMMON_BLOCKS = YES;
				GCC_OPTIMIZATION_LEVEL = 0;
				GCC_PREPROCESSOR_DEFINITIONS = (
					"DEBUG=1",
					"$(inherited)",
				);
				GCC_WARN_64_TO_32_BIT_CONVERSION = YES;
				GCC_WARN_ABOUT_RETURN_TYPE = YES_ERROR;
				GCC_WARN_UNDECLARED_SELECTOR = YES;
				GCC_WARN_UNINITIALIZED_AUTOS = YES_AGGRESSIVE;
				GCC_WARN_UNUSED_FUNCTION = YES;
				GCC_WARN_UNUSED_VARIABLE = YES;
				IPHONEOS_DEPLOYMENT_TARGET = 9.3;
				MTL_ENABLE_DEBUG_INFO = YES;
				ONLY_ACTIVE_ARCH = YES;
				SDKROOT = iphoneos;
				SWIFT_OPTIMIZATION_LEVEL = "-Onone";
			};
			name = Debug;
		};
		5F4AE1351D655D010001CA1F /* Release */ = {
			isa = XCBuildConfiguration;
			buildSettings = {
				ALWAYS_SEARCH_USER_PATHS = NO;
				CLANG_ANALYZER_NONNULL = YES;
				CLANG_CXX_LANGUAGE_STANDARD = "gnu++0x";
				CLANG_CXX_LIBRARY = "libc++";
				CLANG_ENABLE_MODULES = YES;
				CLANG_ENABLE_OBJC_ARC = YES;
				CLANG_WARN_BOOL_CONVERSION = YES;
				CLANG_WARN_CONSTANT_CONVERSION = YES;
				CLANG_WARN_DIRECT_OBJC_ISA_USAGE = YES_ERROR;
				CLANG_WARN_EMPTY_BODY = YES;
				CLANG_WARN_ENUM_CONVERSION = YES;
				CLANG_WARN_INT_CONVERSION = YES;
				CLANG_WARN_OBJC_ROOT_CLASS = YES_ERROR;
				CLANG_WARN_UNREACHABLE_CODE = YES;
				CLANG_WARN__DUPLICATE_METHOD_MATCH = YES;
				"CODE_SIGN_IDENTITY[sdk=iphoneos*]" = "iPhone Developer";
				COPY_PHASE_STRIP = NO;
				DEBUG_INFORMATION_FORMAT = "dwarf-with-dsym";
				ENABLE_NS_ASSERTIONS = NO;
				ENABLE_STRICT_OBJC_MSGSEND = YES;
				GCC_C_LANGUAGE_STANDARD = gnu99;
				GCC_NO_COMMON_BLOCKS = YES;
				GCC_WARN_64_TO_32_BIT_CONVERSION = YES;
				GCC_WARN_ABOUT_RETURN_TYPE = YES_ERROR;
				GCC_WARN_UNDECLARED_SELECTOR = YES;
				GCC_WARN_UNINITIALIZED_AUTOS = YES_AGGRESSIVE;
				GCC_WARN_UNUSED_FUNCTION = YES;
				GCC_WARN_UNUSED_VARIABLE = YES;
				IPHONEOS_DEPLOYMENT_TARGET = 9.3;
				MTL_ENABLE_DEBUG_INFO = NO;
				SDKROOT = iphoneos;
				VALIDATE_PRODUCT = YES;
			};
			name = Release;
		};
		5F4AE1371D655D010001CA1F /* Debug */ = {
			isa = XCBuildConfiguration;
			buildSettings = {
				ASSETCATALOG_COMPILER_APPICON_NAME = AppIcon;
				CLANG_ENABLE_MODULES = YES;
				INFOPLIST_FILE = iAirportsDB/Info.plist;
				LD_RUNPATH_SEARCH_PATHS = "$(inherited) @executable_path/Frameworks";
				PRODUCT_BUNDLE_IDENTIFIER = net.toonsy.iAirportsDB;
				PRODUCT_NAME = "$(TARGET_NAME)";
				SWIFT_OBJC_BRIDGING_HEADER = "iAirportsDB-Bridging-Header.h";
				SWIFT_OPTIMIZATION_LEVEL = "-Onone";
			};
			name = Debug;
		};
		5F4AE1381D655D010001CA1F /* Release */ = {
			isa = XCBuildConfiguration;
			buildSettings = {
				ASSETCATALOG_COMPILER_APPICON_NAME = AppIcon;
				CLANG_ENABLE_MODULES = YES;
				INFOPLIST_FILE = iAirportsDB/Info.plist;
				LD_RUNPATH_SEARCH_PATHS = "$(inherited) @executable_path/Frameworks";
				PRODUCT_BUNDLE_IDENTIFIER = net.toonsy.iAirportsDB;
				PRODUCT_NAME = "$(TARGET_NAME)";
				SWIFT_OBJC_BRIDGING_HEADER = "iAirportsDB-Bridging-Header.h";
			};
			name = Release;
		};
		5F4AE13A1D655D010001CA1F /* Debug */ = {
			isa = XCBuildConfiguration;
			buildSettings = {
				BUNDLE_LOADER = "$(TEST_HOST)";
				INFOPLIST_FILE = iAirportsDBTests/Info.plist;
				LD_RUNPATH_SEARCH_PATHS = "$(inherited) @executable_path/Frameworks @loader_path/Frameworks";
				PRODUCT_BUNDLE_IDENTIFIER = net.toonsy.iAirportsDBTests;
				PRODUCT_NAME = "$(TARGET_NAME)";
				TEST_HOST = "$(BUILT_PRODUCTS_DIR)/iAirportsDB.app/iAirportsDB";
			};
			name = Debug;
		};
		5F4AE13B1D655D010001CA1F /* Release */ = {
			isa = XCBuildConfiguration;
			buildSettings = {
				BUNDLE_LOADER = "$(TEST_HOST)";
				INFOPLIST_FILE = iAirportsDBTests/Info.plist;
				LD_RUNPATH_SEARCH_PATHS = "$(inherited) @executable_path/Frameworks @loader_path/Frameworks";
				PRODUCT_BUNDLE_IDENTIFIER = net.toonsy.iAirportsDBTests;
				PRODUCT_NAME = "$(TARGET_NAME)";
				TEST_HOST = "$(BUILT_PRODUCTS_DIR)/iAirportsDB.app/iAirportsDB";
			};
			name = Release;
		};
/* End XCBuildConfiguration section */

/* Begin XCConfigurationList section */
		5F4AE1111D655D010001CA1F /* Build configuration list for PBXProject "iAirportsDB" */ = {
			isa = XCConfigurationList;
			buildConfigurations = (
				5F4AE1341D655D010001CA1F /* Debug */,
				5F4AE1351D655D010001CA1F /* Release */,
			);
			defaultConfigurationIsVisible = 0;
			defaultConfigurationName = Release;
		};
		5F4AE1361D655D010001CA1F /* Build configuration list for PBXNativeTarget "iAirportsDB" */ = {
			isa = XCConfigurationList;
			buildConfigurations = (
				5F4AE1371D655D010001CA1F /* Debug */,
				5F4AE1381D655D010001CA1F /* Release */,
			);
			defaultConfigurationIsVisible = 0;
			defaultConfigurationName = Release;
		};
		5F4AE1391D655D010001CA1F /* Build configuration list for PBXNativeTarget "iAirportsDBTests" */ = {
			isa = XCConfigurationList;
			buildConfigurations = (
				5F4AE13A1D655D010001CA1F /* Debug */,
				5F4AE13B1D655D010001CA1F /* Release */,
			);
			defaultConfigurationIsVisible = 0;
			defaultConfigurationName = Release;
		};
/* End XCConfigurationList section */
	};
	rootObject = 5F4AE10E1D655D010001CA1F /* Project object */;
}
