// !$*UTF8*$!
{
	archiveVersion = 1;
	classes = {
	};
	objectVersion = 46;
	objects = {

/* Begin PBXBuildFile section */
		5F163FAD18BA86A80092724F /* Counter.m in Sources */ = {isa = PBXBuildFile; fileRef = 5F163FAC18BA86A80092724F /* Counter.m */; };
		5F272F28192FF7C10024DCC5 /* Correction.m in Sources */ = {isa = PBXBuildFile; fileRef = 5F272F27192FF7C10024DCC5 /* Correction.m */; };
		5F60A9CA18B1883500515AAC /* Foundation.framework in Frameworks */ = {isa = PBXBuildFile; fileRef = 5F60A9C918B1883500515AAC /* Foundation.framework */; };
		5F60A9CC18B1883500515AAC /* CoreGraphics.framework in Frameworks */ = {isa = PBXBuildFile; fileRef = 5F60A9CB18B1883500515AAC /* CoreGraphics.framework */; };
		5F60A9CE18B1883500515AAC /* UIKit.framework in Frameworks */ = {isa = PBXBuildFile; fileRef = 5F60A9CD18B1883500515AAC /* UIKit.framework */; };
		5F60A9D018B1883500515AAC /* CoreData.framework in Frameworks */ = {isa = PBXBuildFile; fileRef = 5F60A9CF18B1883500515AAC /* CoreData.framework */; };
		5F60A9D618B1883500515AAC /* InfoPlist.strings in Resources */ = {isa = PBXBuildFile; fileRef = 5F60A9D418B1883500515AAC /* InfoPlist.strings */; };
		5F60A9D818B1883500515AAC /* main.m in Sources */ = {isa = PBXBuildFile; fileRef = 5F60A9D718B1883500515AAC /* main.m */; };
		5F60A9DC18B1883500515AAC /* AppDelegate.m in Sources */ = {isa = PBXBuildFile; fileRef = 5F60A9DB18B1883500515AAC /* AppDelegate.m */; };
		5F60A9E118B1883500515AAC /* Images.xcassets in Resources */ = {isa = PBXBuildFile; fileRef = 5F60A9E018B1883500515AAC /* Images.xcassets */; };
		5F60A9E818B1883500515AAC /* XCTest.framework in Frameworks */ = {isa = PBXBuildFile; fileRef = 5F60A9E718B1883500515AAC /* XCTest.framework */; };
		5F60A9E918B1883500515AAC /* Foundation.framework in Frameworks */ = {isa = PBXBuildFile; fileRef = 5F60A9C918B1883500515AAC /* Foundation.framework */; };
		5F60A9EA18B1883500515AAC /* UIKit.framework in Frameworks */ = {isa = PBXBuildFile; fileRef = 5F60A9CD18B1883500515AAC /* UIKit.framework */; };
		5F60A9EB18B1883500515AAC /* CoreData.framework in Frameworks */ = {isa = PBXBuildFile; fileRef = 5F60A9CF18B1883500515AAC /* CoreData.framework */; };
		5F60A9F318B1883500515AAC /* InfoPlist.strings in Resources */ = {isa = PBXBuildFile; fileRef = 5F60A9F118B1883500515AAC /* InfoPlist.strings */; };
		5F60A9F518B1883500515AAC /* airportsdbTests.m in Sources */ = {isa = PBXBuildFile; fileRef = 5F60A9F418B1883500515AAC /* airportsdbTests.m */; };
		5F60AA2318B1E7CB00515AAC /* CHCSVParser.m in Sources */ = {isa = PBXBuildFile; fileRef = 5F60AA2218B1E7CB00515AAC /* CHCSVParser.m */; };
		5F60AA3718B1E7E200515AAC /* Parser.m in Sources */ = {isa = PBXBuildFile; fileRef = 5F60AA3118B1E7E200515AAC /* Parser.m */; };
		5F60AA3A18B1E84000515AAC /* AirportParser.m in Sources */ = {isa = PBXBuildFile; fileRef = 5F60AA3918B1E84000515AAC /* AirportParser.m */; };
		5F60AA6418B1F61900515AAC /* airports.csv in Resources */ = {isa = PBXBuildFile; fileRef = 5F60AA6118B1F61900515AAC /* airports.csv */; };
		5F60AA6518B1F61900515AAC /* runways.csv in Resources */ = {isa = PBXBuildFile; fileRef = 5F60AA6218B1F61900515AAC /* runways.csv */; };
		5FA6974318C90FAD00502B4A /* IADBModel.m in Sources */ = {isa = PBXBuildFile; fileRef = 5FA6974018C90FAD00502B4A /* IADBModel.m */; };
		5FA6974418C90FAD00502B4A /* IADBPersistence.m in Sources */ = {isa = PBXBuildFile; fileRef = 5FA6974218C90FAD00502B4A /* IADBPersistence.m */; };
		5FA6974618C9128800502B4A /* Main.storyboard in Resources */ = {isa = PBXBuildFile; fileRef = 5FA6974518C9128800502B4A /* Main.storyboard */; };
		5FA6974918C914FA00502B4A /* MainViewController.m in Sources */ = {isa = PBXBuildFile; fileRef = 5FA6974818C914FA00502B4A /* MainViewController.m */; };
		5FA6974B18C927E800502B4A /* airport-frequencies.csv in Resources */ = {isa = PBXBuildFile; fileRef = 5FA6974A18C927E800502B4A /* airport-frequencies.csv */; };
		5FA6976A18C933CF00502B4A /* README.md in Resources */ = {isa = PBXBuildFile; fileRef = 5FA6976918C933CF00502B4A /* README.md */; };
		5FAE8F2618DE72CE008CA1D7 /* airportsdb.sqlite in Resources */ = {isa = PBXBuildFile; fileRef = 5FAE8F2518DE72CE008CA1D7 /* airportsdb.sqlite */; };
		5FCAC85718B3F443006F24BF /* FrequencyParser.m in Sources */ = {isa = PBXBuildFile; fileRef = 5FCAC85618B3F443006F24BF /* FrequencyParser.m */; };
		5FCAC85A18B40326006F24BF /* IADBFrequency.m in Sources */ = {isa = PBXBuildFile; fileRef = 5FCAC85918B40326006F24BF /* IADBFrequency.m */; };
		5FCAC86518B42079006F24BF /* IADBRunway.m in Sources */ = {isa = PBXBuildFile; fileRef = 5FCAC86418B42079006F24BF /* IADBRunway.m */; };
		5FCAC86818B42160006F24BF /* RunwayParser.m in Sources */ = {isa = PBXBuildFile; fileRef = 5FCAC86718B42160006F24BF /* RunwayParser.m */; };
		5FF4325D18B2D9A300B4E701 /* IADBAirport.m in Sources */ = {isa = PBXBuildFile; fileRef = 5FF4325818B2D9A300B4E701 /* IADBAirport.m */; };
		5FF4325E18B2D9A300B4E701 /* IADBCenteredArray.m in Sources */ = {isa = PBXBuildFile; fileRef = 5FF4325A18B2D9A300B4E701 /* IADBCenteredArray.m */; };
		5FF4327918B2DDAD00B4E701 /* airportsdb.xcdatamodel in Sources */ = {isa = PBXBuildFile; fileRef = 5FF4327818B2DDAD00B4E701 /* airportsdb.xcdatamodel */; };
/* End PBXBuildFile section */

/* Begin PBXContainerItemProxy section */
		5F60A9EC18B1883500515AAC /* PBXContainerItemProxy */ = {
			isa = PBXContainerItemProxy;
			containerPortal = 5F60A9BE18B1883500515AAC /* Project object */;
			proxyType = 1;
			remoteGlobalIDString = 5F60A9C518B1883500515AAC;
			remoteInfo = airportsdb;
		};
/* End PBXContainerItemProxy section */

/* Begin PBXFileReference section */
		5F163FAB18BA86A80092724F /* Counter.h */ = {isa = PBXFileReference; fileEncoding = 4; lastKnownFileType = sourcecode.c.h; path = Counter.h; sourceTree = "<group>"; };
		5F163FAC18BA86A80092724F /* Counter.m */ = {isa = PBXFileReference; fileEncoding = 4; lastKnownFileType = sourcecode.c.objc; path = Counter.m; sourceTree = "<group>"; };
		5F272F26192FF7C10024DCC5 /* Correction.h */ = {isa = PBXFileReference; fileEncoding = 4; lastKnownFileType = sourcecode.c.h; path = Correction.h; sourceTree = "<group>"; };
		5F272F27192FF7C10024DCC5 /* Correction.m */ = {isa = PBXFileReference; fileEncoding = 4; lastKnownFileType = sourcecode.c.objc; path = Correction.m; sourceTree = "<group>"; };
		5F272F29192FF9510024DCC5 /* AppConstants.h */ = {isa = PBXFileReference; lastKnownFileType = sourcecode.c.h; path = AppConstants.h; sourceTree = "<group>"; };
		5F60A9C618B1883500515AAC /* airportsdb.app */ = {isa = PBXFileReference; explicitFileType = wrapper.application; includeInIndex = 0; path = airportsdb.app; sourceTree = BUILT_PRODUCTS_DIR; };
		5F60A9C918B1883500515AAC /* Foundation.framework */ = {isa = PBXFileReference; lastKnownFileType = wrapper.framework; name = Foundation.framework; path = System/Library/Frameworks/Foundation.framework; sourceTree = SDKROOT; };
		5F60A9CB18B1883500515AAC /* CoreGraphics.framework */ = {isa = PBXFileReference; lastKnownFileType = wrapper.framework; name = CoreGraphics.framework; path = System/Library/Frameworks/CoreGraphics.framework; sourceTree = SDKROOT; };
		5F60A9CD18B1883500515AAC /* UIKit.framework */ = {isa = PBXFileReference; lastKnownFileType = wrapper.framework; name = UIKit.framework; path = System/Library/Frameworks/UIKit.framework; sourceTree = SDKROOT; };
		5F60A9CF18B1883500515AAC /* CoreData.framework */ = {isa = PBXFileReference; lastKnownFileType = wrapper.framework; name = CoreData.framework; path = System/Library/Frameworks/CoreData.framework; sourceTree = SDKROOT; };
		5F60A9D318B1883500515AAC /* airportsdb-Info.plist */ = {isa = PBXFileReference; lastKnownFileType = text.plist.xml; path = "airportsdb-Info.plist"; sourceTree = "<group>"; };
		5F60A9D518B1883500515AAC /* en */ = {isa = PBXFileReference; lastKnownFileType = text.plist.strings; name = en; path = en.lproj/InfoPlist.strings; sourceTree = "<group>"; };
		5F60A9D718B1883500515AAC /* main.m */ = {isa = PBXFileReference; lastKnownFileType = sourcecode.c.objc; path = main.m; sourceTree = "<group>"; };
		5F60A9D918B1883500515AAC /* airportsdb-Prefix.pch */ = {isa = PBXFileReference; lastKnownFileType = sourcecode.c.h; path = "airportsdb-Prefix.pch"; sourceTree = "<group>"; };
		5F60A9DA18B1883500515AAC /* AppDelegate.h */ = {isa = PBXFileReference; lastKnownFileType = sourcecode.c.h; path = AppDelegate.h; sourceTree = "<group>"; };
		5F60A9DB18B1883500515AAC /* AppDelegate.m */ = {isa = PBXFileReference; lastKnownFileType = sourcecode.c.objc; path = AppDelegate.m; sourceTree = "<group>"; };
		5F60A9E018B1883500515AAC /* Images.xcassets */ = {isa = PBXFileReference; lastKnownFileType = folder.assetcatalog; path = Images.xcassets; sourceTree = "<group>"; };
		5F60A9E618B1883500515AAC /* airportsdbTests.xctest */ = {isa = PBXFileReference; explicitFileType = wrapper.cfbundle; includeInIndex = 0; path = airportsdbTests.xctest; sourceTree = BUILT_PRODUCTS_DIR; };
		5F60A9E718B1883500515AAC /* XCTest.framework */ = {isa = PBXFileReference; lastKnownFileType = wrapper.framework; name = XCTest.framework; path = Library/Frameworks/XCTest.framework; sourceTree = DEVELOPER_DIR; };
		5F60A9F018B1883500515AAC /* airportsdbTests-Info.plist */ = {isa = PBXFileReference; lastKnownFileType = text.plist.xml; path = "airportsdbTests-Info.plist"; sourceTree = "<group>"; };
		5F60A9F218B1883500515AAC /* en */ = {isa = PBXFileReference; lastKnownFileType = text.plist.strings; name = en; path = en.lproj/InfoPlist.strings; sourceTree = "<group>"; };
		5F60A9F418B1883500515AAC /* airportsdbTests.m */ = {isa = PBXFileReference; lastKnownFileType = sourcecode.c.objc; path = airportsdbTests.m; sourceTree = "<group>"; };
		5F60AA2118B1E7CB00515AAC /* CHCSVParser.h */ = {isa = PBXFileReference; fileEncoding = 4; lastKnownFileType = sourcecode.c.h; name = CHCSVParser.h; path = airportsdb/lib/CHCSVParser.h; sourceTree = "<group>"; };
		5F60AA2218B1E7CB00515AAC /* CHCSVParser.m */ = {isa = PBXFileReference; fileEncoding = 4; lastKnownFileType = sourcecode.c.objc; name = CHCSVParser.m; path = airportsdb/lib/CHCSVParser.m; sourceTree = "<group>"; };
		5F60AA3018B1E7E200515AAC /* Parser.h */ = {isa = PBXFileReference; fileEncoding = 4; lastKnownFileType = sourcecode.c.h; path = Parser.h; sourceTree = "<group>"; };
		5F60AA3118B1E7E200515AAC /* Parser.m */ = {isa = PBXFileReference; fileEncoding = 4; lastKnownFileType = sourcecode.c.objc; path = Parser.m; sourceTree = "<group>"; };
		5F60AA3818B1E84000515AAC /* AirportParser.h */ = {isa = PBXFileReference; fileEncoding = 4; lastKnownFileType = sourcecode.c.h; path = AirportParser.h; sourceTree = "<group>"; };
		5F60AA3918B1E84000515AAC /* AirportParser.m */ = {isa = PBXFileReference; fileEncoding = 4; lastKnownFileType = sourcecode.c.objc; path = AirportParser.m; sourceTree = "<group>"; };
		5F60AA6118B1F61900515AAC /* airports.csv */ = {isa = PBXFileReference; fileEncoding = 4; lastKnownFileType = text; name = airports.csv; path = data/airports.csv; sourceTree = "<group>"; };
		5F60AA6218B1F61900515AAC /* runways.csv */ = {isa = PBXFileReference; fileEncoding = 4; lastKnownFileType = text; name = runways.csv; path = data/runways.csv; sourceTree = "<group>"; };
		5FA6973F18C90FAD00502B4A /* IADBModel.h */ = {isa = PBXFileReference; fileEncoding = 4; lastKnownFileType = sourcecode.c.h; name = IADBModel.h; path = models/IADBModel.h; sourceTree = SOURCE_ROOT; };
		5FA6974018C90FAD00502B4A /* IADBModel.m */ = {isa = PBXFileReference; fileEncoding = 4; lastKnownFileType = sourcecode.c.objc; name = IADBModel.m; path = models/IADBModel.m; sourceTree = SOURCE_ROOT; };
		5FA6974118C90FAD00502B4A /* IADBPersistence.h */ = {isa = PBXFileReference; fileEncoding = 4; lastKnownFileType = sourcecode.c.h; name = IADBPersistence.h; path = models/IADBPersistence.h; sourceTree = SOURCE_ROOT; };
		5FA6974218C90FAD00502B4A /* IADBPersistence.m */ = {isa = PBXFileReference; fileEncoding = 4; lastKnownFileType = sourcecode.c.objc; name = IADBPersistence.m; path = models/IADBPersistence.m; sourceTree = SOURCE_ROOT; };
		5FA6974518C9128800502B4A /* Main.storyboard */ = {isa = PBXFileReference; fileEncoding = 4; lastKnownFileType = file.storyboard; path = Main.storyboard; sourceTree = "<group>"; };
		5FA6974718C914FA00502B4A /* MainViewController.h */ = {isa = PBXFileReference; fileEncoding = 4; lastKnownFileType = sourcecode.c.h; path = MainViewController.h; sourceTree = "<group>"; };
		5FA6974818C914FA00502B4A /* MainViewController.m */ = {isa = PBXFileReference; fileEncoding = 4; lastKnownFileType = sourcecode.c.objc; path = MainViewController.m; sourceTree = "<group>"; };
		5FA6974A18C927E800502B4A /* airport-frequencies.csv */ = {isa = PBXFileReference; fileEncoding = 4; lastKnownFileType = text; name = "airport-frequencies.csv"; path = "data/airport-frequencies.csv"; sourceTree = "<group>"; };
		5FA6976918C933CF00502B4A /* README.md */ = {isa = PBXFileReference; fileEncoding = 4; lastKnownFileType = text; path = README.md; sourceTree = "<group>"; };
		5FAE8F2518DE72CE008CA1D7 /* airportsdb.sqlite */ = {isa = PBXFileReference; lastKnownFileType = file; name = airportsdb.sqlite; path = db/airportsdb.sqlite; sourceTree = "<group>"; };
		5FCAC85518B3F443006F24BF /* FrequencyParser.h */ = {isa = PBXFileReference; fileEncoding = 4; lastKnownFileType = sourcecode.c.h; path = FrequencyParser.h; sourceTree = "<group>"; };
		5FCAC85618B3F443006F24BF /* FrequencyParser.m */ = {isa = PBXFileReference; fileEncoding = 4; lastKnownFileType = sourcecode.c.objc; path = FrequencyParser.m; sourceTree = "<group>"; };
		5FCAC85818B40326006F24BF /* IADBFrequency.h */ = {isa = PBXFileReference; fileEncoding = 4; lastKnownFileType = sourcecode.c.h; name = IADBFrequency.h; path = models/IADBFrequency.h; sourceTree = SOURCE_ROOT; };
		5FCAC85918B40326006F24BF /* IADBFrequency.m */ = {isa = PBXFileReference; fileEncoding = 4; lastKnownFileType = sourcecode.c.objc; name = IADBFrequency.m; path = models/IADBFrequency.m; sourceTree = SOURCE_ROOT; };
		5FCAC86318B42079006F24BF /* IADBRunway.h */ = {isa = PBXFileReference; fileEncoding = 4; lastKnownFileType = sourcecode.c.h; name = IADBRunway.h; path = models/IADBRunway.h; sourceTree = SOURCE_ROOT; };
		5FCAC86418B42079006F24BF /* IADBRunway.m */ = {isa = PBXFileReference; fileEncoding = 4; lastKnownFileType = sourcecode.c.objc; name = IADBRunway.m; path = models/IADBRunway.m; sourceTree = SOURCE_ROOT; };
		5FCAC86618B42160006F24BF /* RunwayParser.h */ = {isa = PBXFileReference; fileEncoding = 4; lastKnownFileType = sourcecode.c.h; path = RunwayParser.h; sourceTree = "<group>"; };
		5FCAC86718B42160006F24BF /* RunwayParser.m */ = {isa = PBXFileReference; fileEncoding = 4; lastKnownFileType = sourcecode.c.objc; path = RunwayParser.m; sourceTree = "<group>"; };
		5FF4325718B2D9A300B4E701 /* IADBAirport.h */ = {isa = PBXFileReference; fileEncoding = 4; lastKnownFileType = sourcecode.c.h; name = IADBAirport.h; path = models/IADBAirport.h; sourceTree = SOURCE_ROOT; };
		5FF4325818B2D9A300B4E701 /* IADBAirport.m */ = {isa = PBXFileReference; fileEncoding = 4; lastKnownFileType = sourcecode.c.objc; name = IADBAirport.m; path = models/IADBAirport.m; sourceTree = SOURCE_ROOT; };
		5FF4325918B2D9A300B4E701 /* IADBCenteredArray.h */ = {isa = PBXFileReference; fileEncoding = 4; lastKnownFileType = sourcecode.c.h; name = IADBCenteredArray.h; path = models/IADBCenteredArray.h; sourceTree = SOURCE_ROOT; };
		5FF4325A18B2D9A300B4E701 /* IADBCenteredArray.m */ = {isa = PBXFileReference; fileEncoding = 4; lastKnownFileType = sourcecode.c.objc; name = IADBCenteredArray.m; path = models/IADBCenteredArray.m; sourceTree = SOURCE_ROOT; };
		5FF4327818B2DDAD00B4E701 /* airportsdb.xcdatamodel */ = {isa = PBXFileReference; lastKnownFileType = wrapper.xcdatamodel; name = airportsdb.xcdatamodel; path = db/airportsdb.xcdatamodel; sourceTree = "<group>"; };
/* End PBXFileReference section */

/* Begin PBXFrameworksBuildPhase section */
		5F60A9C318B1883500515AAC /* Frameworks */ = {
			isa = PBXFrameworksBuildPhase;
			buildActionMask = 2147483647;
			files = (
				5F60A9CC18B1883500515AAC /* CoreGraphics.framework in Frameworks */,
				5F60A9D018B1883500515AAC /* CoreData.framework in Frameworks */,
				5F60A9CE18B1883500515AAC /* UIKit.framework in Frameworks */,
				5F60A9CA18B1883500515AAC /* Foundation.framework in Frameworks */,
			);
			runOnlyForDeploymentPostprocessing = 0;
		};
		5F60A9E318B1883500515AAC /* Frameworks */ = {
			isa = PBXFrameworksBuildPhase;
			buildActionMask = 2147483647;
			files = (
				5F60A9E818B1883500515AAC /* XCTest.framework in Frameworks */,
				5F60A9EB18B1883500515AAC /* CoreData.framework in Frameworks */,
				5F60A9EA18B1883500515AAC /* UIKit.framework in Frameworks */,
				5F60A9E918B1883500515AAC /* Foundation.framework in Frameworks */,
			);
			runOnlyForDeploymentPostprocessing = 0;
		};
/* End PBXFrameworksBuildPhase section */

/* Begin PBXGroup section */
		5F60A9BD18B1883500515AAC = {
			isa = PBXGroup;
			children = (
				5FA6976918C933CF00502B4A /* README.md */,
				5FF4327318B2DC9C00B4E701 /* db */,
				5F60AA1218B19D5600515AAC /* data */,
				5F60AA0E18B19C8300515AAC /* lib */,
				5F60A9D118B1883500515AAC /* airportsdb */,
				5F60A9EE18B1883500515AAC /* airportsdbTests */,
				5F60A9C818B1883500515AAC /* Frameworks */,
				5F60A9C718B1883500515AAC /* Products */,
			);
			sourceTree = "<group>";
		};
		5F60A9C718B1883500515AAC /* Products */ = {
			isa = PBXGroup;
			children = (
				5F60A9C618B1883500515AAC /* airportsdb.app */,
				5F60A9E618B1883500515AAC /* airportsdbTests.xctest */,
			);
			name = Products;
			sourceTree = "<group>";
		};
		5F60A9C818B1883500515AAC /* Frameworks */ = {
			isa = PBXGroup;
			children = (
				5F60A9C918B1883500515AAC /* Foundation.framework */,
				5F60A9CB18B1883500515AAC /* CoreGraphics.framework */,
				5F60A9CD18B1883500515AAC /* UIKit.framework */,
				5F60A9CF18B1883500515AAC /* CoreData.framework */,
				5F60A9E718B1883500515AAC /* XCTest.framework */,
			);
			name = Frameworks;
			sourceTree = "<group>";
		};
		5F60A9D118B1883500515AAC /* airportsdb */ = {
			isa = PBXGroup;
			children = (
				5F60AA2418B1E7E200515AAC /* models */,
				5F60AA2F18B1E7E200515AAC /* parsers */,
				5F60A9DA18B1883500515AAC /* AppDelegate.h */,
				5F60A9DB18B1883500515AAC /* AppDelegate.m */,
				5F60A9E018B1883500515AAC /* Images.xcassets */,
				5F60A9D218B1883500515AAC /* Supporting Files */,
				5FA6974518C9128800502B4A /* Main.storyboard */,
				5FA6974718C914FA00502B4A /* MainViewController.h */,
				5FA6974818C914FA00502B4A /* MainViewController.m */,
				5F272F29192FF9510024DCC5 /* AppConstants.h */,
			);
			path = airportsdb;
			sourceTree = "<group>";
		};
		5F60A9D218B1883500515AAC /* Supporting Files */ = {
			isa = PBXGroup;
			children = (
				5F60A9D318B1883500515AAC /* airportsdb-Info.plist */,
				5F60A9D418B1883500515AAC /* InfoPlist.strings */,
				5F60A9D718B1883500515AAC /* main.m */,
				5F60A9D918B1883500515AAC /* airportsdb-Prefix.pch */,
			);
			name = "Supporting Files";
			sourceTree = "<group>";
		};
		5F60A9EE18B1883500515AAC /* airportsdbTests */ = {
			isa = PBXGroup;
			children = (
				5F60A9F418B1883500515AAC /* airportsdbTests.m */,
				5F60A9EF18B1883500515AAC /* Supporting Files */,
			);
			path = airportsdbTests;
			sourceTree = "<group>";
		};
		5F60A9EF18B1883500515AAC /* Supporting Files */ = {
			isa = PBXGroup;
			children = (
				5F60A9F018B1883500515AAC /* airportsdbTests-Info.plist */,
				5F60A9F118B1883500515AAC /* InfoPlist.strings */,
			);
			name = "Supporting Files";
			sourceTree = "<group>";
		};
		5F60AA0E18B19C8300515AAC /* lib */ = {
			isa = PBXGroup;
			children = (
				5F60AA2118B1E7CB00515AAC /* CHCSVParser.h */,
				5F60AA2218B1E7CB00515AAC /* CHCSVParser.m */,
			);
			name = lib;
			sourceTree = "<group>";
		};
		5F60AA1218B19D5600515AAC /* data */ = {
			isa = PBXGroup;
			children = (
				5FA6974A18C927E800502B4A /* airport-frequencies.csv */,
				5F60AA6118B1F61900515AAC /* airports.csv */,
				5F60AA6218B1F61900515AAC /* runways.csv */,
			);
			name = data;
			sourceTree = "<group>";
		};
		5F60AA2418B1E7E200515AAC /* models */ = {
			isa = PBXGroup;
			children = (
				5FA6973F18C90FAD00502B4A /* IADBModel.h */,
				5FA6974018C90FAD00502B4A /* IADBModel.m */,
				5FA6974118C90FAD00502B4A /* IADBPersistence.h */,
				5FA6974218C90FAD00502B4A /* IADBPersistence.m */,
				5FF4325718B2D9A300B4E701 /* IADBAirport.h */,
				5FF4325818B2D9A300B4E701 /* IADBAirport.m */,
				5FCAC85818B40326006F24BF /* IADBFrequency.h */,
				5FCAC85918B40326006F24BF /* IADBFrequency.m */,
				5FCAC86318B42079006F24BF /* IADBRunway.h */,
				5FCAC86418B42079006F24BF /* IADBRunway.m */,
				5FF4325918B2D9A300B4E701 /* IADBCenteredArray.h */,
				5FF4325A18B2D9A300B4E701 /* IADBCenteredArray.m */,
			);
			path = models;
			sourceTree = "<group>";
		};
		5F60AA2F18B1E7E200515AAC /* parsers */ = {
			isa = PBXGroup;
			children = (
				5F60AA3018B1E7E200515AAC /* Parser.h */,
				5F60AA3118B1E7E200515AAC /* Parser.m */,
				5F60AA3818B1E84000515AAC /* AirportParser.h */,
				5F60AA3918B1E84000515AAC /* AirportParser.m */,
				5FCAC85518B3F443006F24BF /* FrequencyParser.h */,
				5FCAC85618B3F443006F24BF /* FrequencyParser.m */,
				5FCAC86618B42160006F24BF /* RunwayParser.h */,
				5FCAC86718B42160006F24BF /* RunwayParser.m */,
				5F163FAB18BA86A80092724F /* Counter.h */,
				5F163FAC18BA86A80092724F /* Counter.m */,
				5F272F26192FF7C10024DCC5 /* Correction.h */,
				5F272F27192FF7C10024DCC5 /* Correction.m */,
			);
			path = parsers;
			sourceTree = "<group>";
		};
		5FF4327318B2DC9C00B4E701 /* db */ = {
			isa = PBXGroup;
			children = (
				5FAE8F2518DE72CE008CA1D7 /* airportsdb.sqlite */,
				5FF4327818B2DDAD00B4E701 /* airportsdb.xcdatamodel */,
			);
			name = db;
			sourceTree = "<group>";
		};
/* End PBXGroup section */

/* Begin PBXNativeTarget section */
		5F60A9C518B1883500515AAC /* airportsdb */ = {
			isa = PBXNativeTarget;
			buildConfigurationList = 5F60A9F818B1883500515AAC /* Build configuration list for PBXNativeTarget "airportsdb" */;
			buildPhases = (
				5F60A9C218B1883500515AAC /* Sources */,
				5F60A9C318B1883500515AAC /* Frameworks */,
				5F60A9C418B1883500515AAC /* Resources */,
			);
			buildRules = (
			);
			dependencies = (
			);
			name = airportsdb;
			productName = airportsdb;
			productReference = 5F60A9C618B1883500515AAC /* airportsdb.app */;
			productType = "com.apple.product-type.application";
		};
		5F60A9E518B1883500515AAC /* airportsdbTests */ = {
			isa = PBXNativeTarget;
			buildConfigurationList = 5F60A9FB18B1883500515AAC /* Build configuration list for PBXNativeTarget "airportsdbTests" */;
			buildPhases = (
				5F60A9E218B1883500515AAC /* Sources */,
				5F60A9E318B1883500515AAC /* Frameworks */,
				5F60A9E418B1883500515AAC /* Resources */,
			);
			buildRules = (
			);
			dependencies = (
				5F60A9ED18B1883500515AAC /* PBXTargetDependency */,
			);
			name = airportsdbTests;
			productName = airportsdbTests;
			productReference = 5F60A9E618B1883500515AAC /* airportsdbTests.xctest */;
			productType = "com.apple.product-type.bundle.unit-test";
		};
/* End PBXNativeTarget section */

/* Begin PBXProject section */
		5F60A9BE18B1883500515AAC /* Project object */ = {
			isa = PBXProject;
			attributes = {
				LastUpgradeCheck = 0510;
				ORGANIZATIONNAME = "Toonsy Net";
				TargetAttributes = {
					5F60A9E518B1883500515AAC = {
						TestTargetID = 5F60A9C518B1883500515AAC;
					};
				};
			};
			buildConfigurationList = 5F60A9C118B1883500515AAC /* Build configuration list for PBXProject "airportsdb" */;
			compatibilityVersion = "Xcode 3.2";
			developmentRegion = English;
			hasScannedForEncodings = 0;
			knownRegions = (
				en,
			);
			mainGroup = 5F60A9BD18B1883500515AAC;
			productRefGroup = 5F60A9C718B1883500515AAC /* Products */;
			projectDirPath = "";
			projectRoot = "";
			targets = (
				5F60A9C518B1883500515AAC /* airportsdb */,
				5F60A9E518B1883500515AAC /* airportsdbTests */,
			);
		};
/* End PBXProject section */

/* Begin PBXResourcesBuildPhase section */
		5F60A9C418B1883500515AAC /* Resources */ = {
			isa = PBXResourcesBuildPhase;
			buildActionMask = 2147483647;
			files = (
				5F60A9D618B1883500515AAC /* InfoPlist.strings in Resources */,
				5FA6974B18C927E800502B4A /* airport-frequencies.csv in Resources */,
				5F60AA6418B1F61900515AAC /* airports.csv in Resources */,
				5FAE8F2618DE72CE008CA1D7 /* airportsdb.sqlite in Resources */,
				5FA6976A18C933CF00502B4A /* README.md in Resources */,
				5F60A9E118B1883500515AAC /* Images.xcassets in Resources */,
				5F60AA6518B1F61900515AAC /* runways.csv in Resources */,
				5FA6974618C9128800502B4A /* Main.storyboard in Resources */,
			);
			runOnlyForDeploymentPostprocessing = 0;
		};
		5F60A9E418B1883500515AAC /* Resources */ = {
			isa = PBXResourcesBuildPhase;
			buildActionMask = 2147483647;
			files = (
				5F60A9F318B1883500515AAC /* InfoPlist.strings in Resources */,
			);
			runOnlyForDeploymentPostprocessing = 0;
		};
/* End PBXResourcesBuildPhase section */

/* Begin PBXSourcesBuildPhase section */
		5F60A9C218B1883500515AAC /* Sources */ = {
			isa = PBXSourcesBuildPhase;
			buildActionMask = 2147483647;
			files = (
				5F60A9DC18B1883500515AAC /* AppDelegate.m in Sources */,
				5FA6974318C90FAD00502B4A /* IADBModel.m in Sources */,
				5F60A9D818B1883500515AAC /* main.m in Sources */,
				5FA6974918C914FA00502B4A /* MainViewController.m in Sources */,
				5F60AA3718B1E7E200515AAC /* Parser.m in Sources */,
				5FF4325E18B2D9A300B4E701 /* IADBCenteredArray.m in Sources */,
				5F272F28192FF7C10024DCC5 /* Correction.m in Sources */,
				5FF4325D18B2D9A300B4E701 /* IADBAirport.m in Sources */,
				5FCAC86518B42079006F24BF /* IADBRunway.m in Sources */,
				5F60AA2318B1E7CB00515AAC /* CHCSVParser.m in Sources */,
				5FF4327918B2DDAD00B4E701 /* airportsdb.xcdatamodel in Sources */,
				5FCAC85718B3F443006F24BF /* FrequencyParser.m in Sources */,
				5F60AA3A18B1E84000515AAC /* AirportParser.m in Sources */,
				5FCAC86818B42160006F24BF /* RunwayParser.m in Sources */,
				5FA6974418C90FAD00502B4A /* IADBPersistence.m in Sources */,
				5F163FAD18BA86A80092724F /* Counter.m in Sources */,
				5FCAC85A18B40326006F24BF /* IADBFrequency.m in Sources */,
			);
			runOnlyForDeploymentPostprocessing = 0;
		};
		5F60A9E218B1883500515AAC /* Sources */ = {
			isa = PBXSourcesBuildPhase;
			buildActionMask = 2147483647;
			files = (
				5F60A9F518B1883500515AAC /* airportsdbTests.m in Sources */,
			);
			runOnlyForDeploymentPostprocessing = 0;
		};
/* End PBXSourcesBuildPhase section */

/* Begin PBXTargetDependency section */
		5F60A9ED18B1883500515AAC /* PBXTargetDependency */ = {
			isa = PBXTargetDependency;
			target = 5F60A9C518B1883500515AAC /* airportsdb */;
			targetProxy = 5F60A9EC18B1883500515AAC /* PBXContainerItemProxy */;
		};
/* End PBXTargetDependency section */

/* Begin PBXVariantGroup section */
		5F60A9D418B1883500515AAC /* InfoPlist.strings */ = {
			isa = PBXVariantGroup;
			children = (
				5F60A9D518B1883500515AAC /* en */,
			);
			name = InfoPlist.strings;
			sourceTree = "<group>";
		};
		5F60A9F118B1883500515AAC /* InfoPlist.strings */ = {
			isa = PBXVariantGroup;
			children = (
				5F60A9F218B1883500515AAC /* en */,
			);
			name = InfoPlist.strings;
			sourceTree = "<group>";
		};
/* End PBXVariantGroup section */

/* Begin XCBuildConfiguration section */
		5F60A9F618B1883500515AAC /* Debug */ = {
			isa = XCBuildConfiguration;
			buildSettings = {
				ALWAYS_SEARCH_USER_PATHS = NO;
				CLANG_CXX_LANGUAGE_STANDARD = "gnu++0x";
				CLANG_CXX_LIBRARY = "libc++";
				CLANG_ENABLE_MODULES = YES;
				CLANG_ENABLE_OBJC_ARC = YES;
				CLANG_WARN_BOOL_CONVERSION = YES;
				CLANG_WARN_CONSTANT_CONVERSION = YES;
				CLANG_WARN_DIRECT_OBJC_ISA_USAGE = YES_ERROR;
				CLANG_WARN_EMPTY_BODY = YES;
				CLANG_WARN_ENUM_CONVERSION = YES;
				CLANG_WARN_INT_CONVERSION = YES;
				CLANG_WARN_OBJC_ROOT_CLASS = YES_ERROR;
				CLANG_WARN__DUPLICATE_METHOD_MATCH = YES;
				"CODE_SIGN_IDENTITY[sdk=iphoneos*]" = "iPhone Developer";
				COPY_PHASE_STRIP = NO;
				GCC_C_LANGUAGE_STANDARD = gnu99;
				GCC_DYNAMIC_NO_PIC = NO;
				GCC_OPTIMIZATION_LEVEL = 0;
				GCC_PREPROCESSOR_DEFINITIONS = (
					"DEBUG=1",
					"$(inherited)",
				);
				GCC_SYMBOLS_PRIVATE_EXTERN = NO;
				GCC_WARN_64_TO_32_BIT_CONVERSION = YES;
				GCC_WARN_ABOUT_RETURN_TYPE = YES_ERROR;
				GCC_WARN_UNDECLARED_SELECTOR = YES;
				GCC_WARN_UNINITIALIZED_AUTOS = YES;
				GCC_WARN_UNUSED_FUNCTION = YES;
				GCC_WARN_UNUSED_VARIABLE = YES;
				IPHONEOS_DEPLOYMENT_TARGET = 7.0;
				ONLY_ACTIVE_ARCH = YES;
				SDKROOT = iphoneos;
				TARGETED_DEVICE_FAMILY = "1,2";
			};
			name = Debug;
		};
		5F60A9F718B1883500515AAC /* Release */ = {
			isa = XCBuildConfiguration;
			buildSettings = {
				ALWAYS_SEARCH_USER_PATHS = NO;
				CLANG_CXX_LANGUAGE_STANDARD = "gnu++0x";
				CLANG_CXX_LIBRARY = "libc++";
				CLANG_ENABLE_MODULES = YES;
				CLANG_ENABLE_OBJC_ARC = YES;
				CLANG_WARN_BOOL_CONVERSION = YES;
				CLANG_WARN_CONSTANT_CONVERSION = YES;
				CLANG_WARN_DIRECT_OBJC_ISA_USAGE = YES_ERROR;
				CLANG_WARN_EMPTY_BODY = YES;
				CLANG_WARN_ENUM_CONVERSION = YES;
				CLANG_WARN_INT_CONVERSION = YES;
				CLANG_WARN_OBJC_ROOT_CLASS = YES_ERROR;
				CLANG_WARN__DUPLICATE_METHOD_MATCH = YES;
				"CODE_SIGN_IDENTITY[sdk=iphoneos*]" = "iPhone Developer";
				COPY_PHASE_STRIP = YES;
				ENABLE_NS_ASSERTIONS = NO;
				GCC_C_LANGUAGE_STANDARD = gnu99;
				GCC_WARN_64_TO_32_BIT_CONVERSION = YES;
				GCC_WARN_ABOUT_RETURN_TYPE = YES_ERROR;
				GCC_WARN_UNDECLARED_SELECTOR = YES;
				GCC_WARN_UNINITIALIZED_AUTOS = YES;
				GCC_WARN_UNUSED_FUNCTION = YES;
				GCC_WARN_UNUSED_VARIABLE = YES;
				IPHONEOS_DEPLOYMENT_TARGET = 7.0;
				SDKROOT = iphoneos;
				TARGETED_DEVICE_FAMILY = "1,2";
				VALIDATE_PRODUCT = YES;
			};
			name = Release;
		};
		5F60A9F918B1883500515AAC /* Debug */ = {
			isa = XCBuildConfiguration;
			buildSettings = {
				ASSETCATALOG_COMPILER_APPICON_NAME = AppIcon;
				ASSETCATALOG_COMPILER_LAUNCHIMAGE_NAME = LaunchImage;
				GCC_PRECOMPILE_PREFIX_HEADER = YES;
				GCC_PREFIX_HEADER = "airportsdb/airportsdb-Prefix.pch";
				INFOPLIST_FILE = "airportsdb/airportsdb-Info.plist";
				PRODUCT_NAME = "$(TARGET_NAME)";
				TARGETED_DEVICE_FAMILY = 1;
				WRAPPER_EXTENSION = app;
			};
			name = Debug;
		};
		5F60A9FA18B1883500515AAC /* Release */ = {
			isa = XCBuildConfiguration;
			buildSettings = {
				ASSETCATALOG_COMPILER_APPICON_NAME = AppIcon;
				ASSETCATALOG_COMPILER_LAUNCHIMAGE_NAME = LaunchImage;
				GCC_PRECOMPILE_PREFIX_HEADER = YES;
				GCC_PREFIX_HEADER = "airportsdb/airportsdb-Prefix.pch";
				INFOPLIST_FILE = "airportsdb/airportsdb-Info.plist";
				PRODUCT_NAME = "$(TARGET_NAME)";
				TARGETED_DEVICE_FAMILY = 1;
				WRAPPER_EXTENSION = app;
			};
			name = Release;
		};
		5F60A9FC18B1883500515AAC /* Debug */ = {
			isa = XCBuildConfiguration;
			buildSettings = {
				BUNDLE_LOADER = "$(BUILT_PRODUCTS_DIR)/airportsdb.app/airportsdb";
				FRAMEWORK_SEARCH_PATHS = (
					"$(SDKROOT)/Developer/Library/Frameworks",
					"$(inherited)",
					"$(DEVELOPER_FRAMEWORKS_DIR)",
				);
				GCC_PRECOMPILE_PREFIX_HEADER = YES;
				GCC_PREFIX_HEADER = "airportsdb/airportsdb-Prefix.pch";
				GCC_PREPROCESSOR_DEFINITIONS = (
					"DEBUG=1",
					"$(inherited)",
				);
				INFOPLIST_FILE = "airportsdbTests/airportsdbTests-Info.plist";
				PRODUCT_NAME = "$(TARGET_NAME)";
				TEST_HOST = "$(BUNDLE_LOADER)";
				WRAPPER_EXTENSION = xctest;
			};
			name = Debug;
		};
		5F60A9FD18B1883500515AAC /* Release */ = {
			isa = XCBuildConfiguration;
			buildSettings = {
				BUNDLE_LOADER = "$(BUILT_PRODUCTS_DIR)/airportsdb.app/airportsdb";
				FRAMEWORK_SEARCH_PATHS = (
					"$(SDKROOT)/Developer/Library/Frameworks",
					"$(inherited)",
					"$(DEVELOPER_FRAMEWORKS_DIR)",
				);
				GCC_PRECOMPILE_PREFIX_HEADER = YES;
				GCC_PREFIX_HEADER = "airportsdb/airportsdb-Prefix.pch";
				INFOPLIST_FILE = "airportsdbTests/airportsdbTests-Info.plist";
				PRODUCT_NAME = "$(TARGET_NAME)";
				TEST_HOST = "$(BUNDLE_LOADER)";
				WRAPPER_EXTENSION = xctest;
			};
			name = Release;
		};
/* End XCBuildConfiguration section */

/* Begin XCConfigurationList section */
		5F60A9C118B1883500515AAC /* Build configuration list for PBXProject "airportsdb" */ = {
			isa = XCConfigurationList;
			buildConfigurations = (
				5F60A9F618B1883500515AAC /* Debug */,
				5F60A9F718B1883500515AAC /* Release */,
			);
			defaultConfigurationIsVisible = 0;
			defaultConfigurationName = Release;
		};
		5F60A9F818B1883500515AAC /* Build configuration list for PBXNativeTarget "airportsdb" */ = {
			isa = XCConfigurationList;
			buildConfigurations = (
				5F60A9F918B1883500515AAC /* Debug */,
				5F60A9FA18B1883500515AAC /* Release */,
			);
			defaultConfigurationIsVisible = 0;
			defaultConfigurationName = Release;
		};
		5F60A9FB18B1883500515AAC /* Build configuration list for PBXNativeTarget "airportsdbTests" */ = {
			isa = XCConfigurationList;
			buildConfigurations = (
				5F60A9FC18B1883500515AAC /* Debug */,
				5F60A9FD18B1883500515AAC /* Release */,
			);
			defaultConfigurationIsVisible = 0;
			defaultConfigurationName = Release;
		};
/* End XCConfigurationList section */
	};
	rootObject = 5F60A9BE18B1883500515AAC /* Project object */;
}
